Microsoft Visual Studio Solution File, Format Version 12.00
# Visual Studio Version 16
VisualStudioVersion = 16.0.31105.61
MinimumVisualStudioVersion = 10.0.40219.1
Project("{9A19103F-16F7-4668-BE54-9A1E7A4F7556}") = "Backend", "Backend\Backend.csproj", "{47FB76DC-5F2C-4928-9E6B-A6D7CE70D696}"
EndProject
Project("{9A19103F-16F7-4668-BE54-9A1E7A4F7556}") = "Presentation", "Presentation\Presentation.csproj", "{04DF065F-36EE-4F23-A55F-07215600E9FB}"
EndProject
Project("{9A19103F-16F7-4668-BE54-9A1E7A4F7556}") = "Testing", "Testing\Testing.csproj", "{A280C64D-CE35-4C2F-93C5-6300E469B99B}"
EndProject
Project("{FAE04EC0-301F-11D3-BF4B-00C04F79EFBC}") = "BackendTest", "BackendTest\BackendTest.csproj", "{822D39B0-A4D8-4E27-8CD1-B938D37962A9}"
EndProject
Global
	GlobalSection(SolutionConfigurationPlatforms) = preSolution
		Debug|Any CPU = Debug|Any CPU
		Release|Any CPU = Release|Any CPU
	EndGlobalSection
	GlobalSection(ProjectConfigurationPlatforms) = postSolution
		{47FB76DC-5F2C-4928-9E6B-A6D7CE70D696}.Debug|Any CPU.ActiveCfg = Debug|Any CPU
		{47FB76DC-5F2C-4928-9E6B-A6D7CE70D696}.Debug|Any CPU.Build.0 = Debug|Any CPU
		{47FB76DC-5F2C-4928-9E6B-A6D7CE70D696}.Release|Any CPU.ActiveCfg = Release|Any CPU
		{47FB76DC-5F2C-4928-9E6B-A6D7CE70D696}.Release|Any CPU.Build.0 = Release|Any CPU
		{04DF065F-36EE-4F23-A55F-07215600E9FB}.Debug|Any CPU.ActiveCfg = Debug|Any CPU
		{04DF065F-36EE-4F23-A55F-07215600E9FB}.Debug|Any CPU.Build.0 = Debug|Any CPU
		{04DF065F-36EE-4F23-A55F-07215600E9FB}.Release|Any CPU.ActiveCfg = Release|Any CPU
		{04DF065F-36EE-4F23-A55F-07215600E9FB}.Release|Any CPU.Build.0 = Release|Any CPU
		{A280C64D-CE35-4C2F-93C5-6300E469B99B}.Debug|Any CPU.ActiveCfg = Debug|Any CPU
		{A280C64D-CE35-4C2F-93C5-6300E469B99B}.Debug|Any CPU.Build.0 = Debug|Any CPU
		{A280C64D-CE35-4C2F-93C5-6300E469B99B}.Release|Any CPU.ActiveCfg = Release|Any CPU
		{A280C64D-CE35-4C2F-93C5-6300E469B99B}.Release|Any CPU.Build.0 = Release|Any CPU
		{822D39B0-A4D8-4E27-8CD1-B938D37962A9}.Debug|Any CPU.ActiveCfg = Debug|Any CPU
		{822D39B0-A4D8-4E27-8CD1-B938D37962A9}.Debug|Any CPU.Build.0 = Debug|Any CPU
		{822D39B0-A4D8-4E27-8CD1-B938D37962A9}.Release|Any CPU.ActiveCfg = Release|Any CPU
		{822D39B0-A4D8-4E27-8CD1-B938D37962A9}.Release|Any CPU.Build.0 = Release|Any CPU
	EndGlobalSection
	GlobalSection(SolutionProperties) = preSolution
		HideSolutionNode = FALSE
	EndGlobalSection
	GlobalSection(ExtensibilityGlobals) = postSolution
		SolutionGuid = {646EC9C2-D2E8-4686-A522-B0EBE1DFFF69}
	EndGlobalSection
EndGlobal
